{
  "name": "do-i-need-that",
  "version": "0.0.1",
  "lockfileVersion": 1,
  "requires": true,
  "dependencies": {
    "@types/chrome": {
      "version": "0.0.88",
      "resolved": "https://registry.npmjs.org/@types/chrome/-/chrome-0.0.88.tgz",
      "integrity": "sha1-AEGhAdafeACJEJJ8WzKZoA2GYNs=",
      "dev": true,
      "requires": {
        "@types/filesystem": "*"
      }
    },
    "@types/filesystem": {
      "version": "0.0.29",
      "resolved": "https://registry.npmjs.org/@types/filesystem/-/filesystem-0.0.29.tgz",
      "integrity": "sha1-7jdI61vhQNz5gMO9NfEa7F96N0g=",
      "dev": true,
      "requires": {
        "@types/filewriter": "*"
      }
    },
    "@types/filewriter": {
      "version": "0.0.28",
      "resolved": "https://registry.npmjs.org/@types/filewriter/-/filewriter-0.0.28.tgz",
      "integrity": "sha1-wFTor02d11205jq8dviFFocU1LM=",
      "dev": true
    },
    "@types/jquery": {
      "version": "3.3.31",
      "resolved": "https://registry.npmjs.org/@types/jquery/-/jquery-3.3.31.tgz",
      "integrity": "sha512-Lz4BAJihoFw5nRzKvg4nawXPzutkv7wmfQ5121avptaSIXlDNJCUuxZxX/G+9EVidZGuO0UBlk+YjKbwRKJigg==",
      "dev": true,
      "requires": {
        "@types/sizzle": "*"
      }
    },
    "@types/moment": {
      "version": "2.13.0",
      "resolved": "https://registry.npmjs.org/@types/moment/-/moment-2.13.0.tgz",
      "integrity": "sha1-YE69GJvDvDShVIaJQE5hoqSqyJY=",
      "dev": true,
      "requires": {
        "moment": "*"
      }
    },
    "@types/node": {
      "version": "12.7.3",
      "resolved": "https://registry.npmjs.org/@types/node/-/node-12.7.3.tgz",
      "integrity": "sha1-J7P0Ct2vL1gEWf20BSImhVQvkHo=",
      "dev": true
    },
    "@types/sizzle": {
      "version": "2.3.2",
      "resolved": "https://registry.npmjs.org/@types/sizzle/-/sizzle-2.3.2.tgz",
      "integrity": "sha512-7EJYyKTL7tFR8+gDbB6Wwz/arpGa0Mywk1TJbNzKzHtzbwVmY4HR9WqS5VV7dsBUKQmPNr192jHr/VpBluj/hg==",
      "dev": true
    },
    "jquery": {
      "version": "3.4.1",
      "resolved": "https://registry.npmjs.org/jquery/-/jquery-3.4.1.tgz",
      "integrity": "sha512-36+AdBzCL+y6qjw5Tx7HgzeGCzC81MDDgaUP8ld2zhx58HdqXGoBd+tHdrBMiyjGQs0Hxs/MLZTu/eHNJJuWPw=="
    },
    "moment": {
      "version": "2.24.0",
      "resolved": "https://registry.npmjs.org/moment/-/moment-2.24.0.tgz",
      "integrity": "sha512-bV7f+6l2QigeBBZSM/6yTNq4P2fNpSWj/0e7jQcy87A8e7o2nAfP/34/2ky5Vw4B9S446EtIhodAzkFCcR4dQg==",
      "dev": true
    }
  }
}
